{
  "name": "api",
  "lockfileVersion": 3,
  "requires": true,
  "packages": {
    "": {
      "dependencies": {
        "emoji-picker-react": "^4.12.0"
      }
    },
    "node_modules/emoji-picker-react": {
      "version": "4.12.0",
      "resolved": "https://registry.npmjs.org/emoji-picker-react/-/emoji-picker-react-4.12.0.tgz",
      "integrity": "sha512-q2c8UcZH0eRIMj41bj0k1akTjk69tsu+E7EzkW7giN66iltF6H9LQvQvw6ugscsxdC+1lmt3WZpQkkY65J95tg==",
      "dependencies": {
        "flairup": "1.0.0"
      },
      "engines": {
        "node": ">=10"
      },
      "peerDependencies": {
        "react": ">=16"
      }
    },
    "node_modules/flairup": {
      "version": "1.0.0",
      "resolved": "https://registry.npmjs.org/flairup/-/flairup-1.0.0.tgz",
      "integrity": "sha512-IKlE+pNvL2R+kVL1kEhUYqRxVqeFnjiIvHWDMLFXNaqyUdFXQM2wte44EfMYJNHkW16X991t2Zg8apKkhv7OBA=="
    },
    "node_modules/react": {
      "version": "19.0.0",
      "resolved": "https://registry.npmjs.org/react/-/react-19.0.0.tgz",
      "integrity": "sha512-V8AVnmPIICiWpGfm6GLzCR/W5FXLchHop40W4nXBmdlEceh16rCN8O8LNWm5bh5XUX91fh7KpA+W0TgMKmgTpQ==",
      "peer": true,
      "engines": {
        "node": ">=0.10.0"
      }
    }
  }
}
